
Microsoft Visual Studio Solution File, Format Version 12.00
# Visual Studio 15
VisualStudioVersion = 15.0.27130.2027
MinimumVisualStudioVersion = 10.0.40219.1
Project("{F184B08F-C81C-45F6-A57F-5ABD9991F28F}") = "WindowsApp4", "WindowsApp4\WindowsApp4.vbproj", "{7E388313-5040-437F-93DA-91E4E09E103C}"
EndProject
Global
	GlobalSection(SolutionConfigurationPlatforms) = preSolution
		Debug|Any CPU = Debug|Any CPU
		Release|Any CPU = Release|Any CPU
	EndGlobalSection
	GlobalSection(ProjectConfigurationPlatforms) = postSolution
		{7E388313-5040-437F-93DA-91E4E09E103C}.Debug|Any CPU.ActiveCfg = Debug|Any CPU
		{7E388313-5040-437F-93DA-91E4E09E103C}.Debug|Any CPU.Build.0 = Debug|Any CPU
		{7E388313-5040-437F-93DA-91E4E09E103C}.Release|Any CPU.ActiveCfg = Release|Any CPU
		{7E388313-5040-437F-93DA-91E4E09E103C}.Release|Any CPU.Build.0 = Release|Any CPU
	EndGlobalSection
	GlobalSection(SolutionProperties) = preSolution
		HideSolutionNode = FALSE
	EndGlobalSection
	GlobalSection(ExtensibilityGlobals) = postSolution
		SolutionGuid = {E540D8A0-FA3A-406C-9EF4-D694DB8A458D}
	EndGlobalSection
EndGlobal
